
Microsoft Visual Studio Solution File, Format Version 12.00
# Visual Studio Version 16
VisualStudioVersion = 16.0.32510.428
MinimumVisualStudioVersion = 10.0.40219.1
Project("{FAE04EC0-301F-11D3-BF4B-00C04F79EFBC}") = "TaliKhata-Sultan", "TaliKhata-Sultan.csproj", "{8F7F567E-0951-4EEB-AF14-844E926D187A}"
EndProject
Project("{FAE04EC0-301F-11D3-BF4B-00C04F79EFBC}") = "TaliKhataBLL", "..\TaliKhataBLL\TaliKhataBLL.csproj", "{5E88DA58-6179-43A4-AE5F-79F99B9CAEE0}"
EndProject
Project("{FAE04EC0-301F-11D3-BF4B-00C04F79EFBC}") = "TaliKhataDAL", "..\TaliKhataDAL\TaliKhataDAL.csproj", "{2E29C6B1-11D6-4DB3-9CAF-6AE9961C1DD8}"
EndProject
Global
	GlobalSection(SolutionConfigurationPlatforms) = preSolution
		Debug|Any CPU = Debug|Any CPU
		Release|Any CPU = Release|Any CPU
	EndGlobalSection
	GlobalSection(ProjectConfigurationPlatforms) = postSolution
		{8F7F567E-0951-4EEB-AF14-844E926D187A}.Debug|Any CPU.ActiveCfg = Debug|Any CPU
		{8F7F567E-0951-4EEB-AF14-844E926D187A}.Debug|Any CPU.Build.0 = Debug|Any CPU
		{8F7F567E-0951-4EEB-AF14-844E926D187A}.Release|Any CPU.ActiveCfg = Release|Any CPU
		{8F7F567E-0951-4EEB-AF14-844E926D187A}.Release|Any CPU.Build.0 = Release|Any CPU
		{5E88DA58-6179-43A4-AE5F-79F99B9CAEE0}.Debug|Any CPU.ActiveCfg = Debug|Any CPU
		{5E88DA58-6179-43A4-AE5F-79F99B9CAEE0}.Debug|Any CPU.Build.0 = Debug|Any CPU
		{5E88DA58-6179-43A4-AE5F-79F99B9CAEE0}.Release|Any CPU.ActiveCfg = Release|Any CPU
		{5E88DA58-6179-43A4-AE5F-79F99B9CAEE0}.Release|Any CPU.Build.0 = Release|Any CPU
		{2E29C6B1-11D6-4DB3-9CAF-6AE9961C1DD8}.Debug|Any CPU.ActiveCfg = Debug|Any CPU
		{2E29C6B1-11D6-4DB3-9CAF-6AE9961C1DD8}.Debug|Any CPU.Build.0 = Debug|Any CPU
		{2E29C6B1-11D6-4DB3-9CAF-6AE9961C1DD8}.Release|Any CPU.ActiveCfg = Release|Any CPU
		{2E29C6B1-11D6-4DB3-9CAF-6AE9961C1DD8}.Release|Any CPU.Build.0 = Release|Any CPU
	EndGlobalSection
	GlobalSection(SolutionProperties) = preSolution
		HideSolutionNode = FALSE
	EndGlobalSection
	GlobalSection(ExtensibilityGlobals) = postSolution
		SolutionGuid = {123811EF-4F5E-4F87-A185-DC3374E2FEAD}
	EndGlobalSection
EndGlobal
